
Microsoft Visual Studio Solution File, Format Version 12.00
# Visual Studio Version 16
VisualStudioVersion = 16.0.30128.74
MinimumVisualStudioVersion = 10.0.40219.1
Project("{FAE04EC0-301F-11D3-BF4B-00C04F79EFBC}") = "AspNetWebForms", "AspNetWebForms.csproj", "{3C8E653D-A834-4D05-B387-B3F11C654C6E}"
EndProject
Global
	GlobalSection(SolutionConfigurationPlatforms) = preSolution
		Debug|Any CPU = Debug|Any CPU
		Release|Any CPU = Release|Any CPU
	EndGlobalSection
	GlobalSection(ProjectConfigurationPlatforms) = postSolution
		{3C8E653D-A834-4D05-B387-B3F11C654C6E}.Debug|Any CPU.ActiveCfg = Debug|Any CPU
		{3C8E653D-A834-4D05-B387-B3F11C654C6E}.Debug|Any CPU.Build.0 = Debug|Any CPU
		{3C8E653D-A834-4D05-B387-B3F11C654C6E}.Release|Any CPU.ActiveCfg = Release|Any CPU
		{3C8E653D-A834-4D05-B387-B3F11C654C6E}.Release|Any CPU.Build.0 = Release|Any CPU
	EndGlobalSection
	GlobalSection(SolutionProperties) = preSolution
		HideSolutionNode = FALSE
	EndGlobalSection
	GlobalSection(ExtensibilityGlobals) = postSolution
		SolutionGuid = {916856A6-8465-42D9-AA2D-4F198EA0CE76}
	EndGlobalSection
EndGlobal
