
Microsoft Visual Studio Solution File, Format Version 12.00
# Visual Studio Version 16
VisualStudioVersion = 16.0.30128.74
MinimumVisualStudioVersion = 10.0.40219.1
Project("{FAE04EC0-301F-11D3-BF4B-00C04F79EFBC}") = "AspNetFxMvc", "AspNetFxMvc.csproj", "{96230481-C843-4488-98AE-C2B524B420B7}"
EndProject
Global
	GlobalSection(SolutionConfigurationPlatforms) = preSolution
		Debug|Any CPU = Debug|Any CPU
		Release|Any CPU = Release|Any CPU
	EndGlobalSection
	GlobalSection(ProjectConfigurationPlatforms) = postSolution
		{96230481-C843-4488-98AE-C2B524B420B7}.Debug|Any CPU.ActiveCfg = Debug|Any CPU
		{96230481-C843-4488-98AE-C2B524B420B7}.Debug|Any CPU.Build.0 = Debug|Any CPU
		{96230481-C843-4488-98AE-C2B524B420B7}.Release|Any CPU.ActiveCfg = Release|Any CPU
		{96230481-C843-4488-98AE-C2B524B420B7}.Release|Any CPU.Build.0 = Release|Any CPU
	EndGlobalSection
	GlobalSection(SolutionProperties) = preSolution
		HideSolutionNode = FALSE
	EndGlobalSection
	GlobalSection(ExtensibilityGlobals) = postSolution
		SolutionGuid = {AC7DEA6E-A48F-420D-8DDB-EAD96EDF265E}
	EndGlobalSection
EndGlobal
